hash: 11e8038ff59fc53731fc6a79cbace77b001d38aa29f97e4c5a55217cd288301c
updated: 2016-10-05T09:15:51.184129448-06:00
imports:
- name: github.com/codegangsta/cli
  version: a14d7d367bc02b1f57d88de97926727f2d936387
- name: github.com/reiver/go-stringcase
  version: b80b3ac9fc374235d9f59d294a7c70ab5f53fdbf
- name: github.com/reiver/go-whitespace
  version: 5c4ea59c072e7db2684f8ea04b6e95a58e0f690d
- name: golang.org/x/tools
  version: 73d2e795b859a48cba2d70040c384dd1cea7e113
  subpackages:
  - go/ast/astutil
  - imports
- name: gopkg.in/yaml.v2
  version: a5b47d31c556af34a302ce5d659e6fea44d90de0
testImports: []
