hash: e425bedae2c74987b2cf50d5cc07af9a33a2afd169383d7b6b9b62f360ba15ac
updated: 2017-06-04T16:29:14.889083044-07:00
imports:
- name: github.com/asaskevich/EventBus
  version: 9223ecd796146991d8ffc3b822d5aa02f15aee97
- name: github.com/boltdb/bolt
  version: 583e8937c61f1af6513608ccc75c97b6abdf4ff9
- name: github.com/codegangsta/cli
  version: 0bdeddeeb0f650497d603c4ad7b20cfe685682f6
- name: github.com/comail/colog
  version: fba8e7b1f46c3607f09760ce3880066e7ff57c5a
- name: github.com/davecgh/go-spew
  version: 346938d642f2ec3594ed81d874461961cd0faa76
  subpackages:
  - spew
- name: github.com/golang/protobuf
  version: 2402d76f3d41f928c7902a765dfc872356dd3aad
  subpackages:
  - proto
- name: github.com/looplab/fsm
  version: 608090178e1a61fdcf160bdc3dba4afbb54cf408
- name: github.com/peterh/liner
  version: 8975875355a81d612fafb9f5a6037bdcc2d9b073
- name: github.com/reiver/go-stringcase
  version: b80b3ac9fc374235d9f59d294a7c70ab5f53fdbf
- name: github.com/reiver/go-whitespace
  version: 5c4ea59c072e7db2684f8ea04b6e95a58e0f690d
- name: github.com/tarm/serial
  version: 37be519d49878d0098e34fb614136b81e6c87861
- name: golang.org/x/net
  version: f315505cf3349909cdf013ea56690da34e96a451
  subpackages:
  - context
- name: golang.org/x/sys
  version: 8f0908ab3b2457e2e15403d3697c9ef5cb4b57a9
  subpackages:
  - unix
- name: golang.org/x/tools
  version: 2a5864fcfb595b4ee9a7607f1beb25778cf64c6e
  subpackages:
  - go/ast/astutil
  - imports
- name: google.golang.org/appengine
  version: 926995697fa8241be2dc73eb318666e24f44ed51
  subpackages:
  - datastore
  - internal
  - internal/app_identity
  - internal/base
  - internal/datastore
  - internal/log
  - internal/modules
  - internal/remote_api
- name: gopkg.in/vmihailenco/msgpack.v2
  version: f4f8982de4ef0de18be76456617cc3f5d8d8141e
  subpackages:
  - codes
- name: gopkg.in/yaml.v2
  version: cd8b52f8269e0feb286dfeef29f8fe4d5b397e0b
testImports:
- name: github.com/pmezard/go-difflib
  version: d8ed2627bdf02c080bf22230dbb337003b7aba2d
  subpackages:
  - difflib
- name: github.com/stretchr/testify
  version: 69483b4bd14f5845b5a1e55bca19e954e827f1d0
  subpackages:
  - assert
